// !$*UTF8*$!
{
	archiveVersion = 1;
	classes = {
	};
	objectVersion = 46;
	objects = {

/* Begin PBXBuildFile section */
		F25BBFA81B0C88E800BD2016 /* main.m in Sources */ = {isa = PBXBuildFile; fileRef = F25BBFA71B0C88E800BD2016 /* main.m */; };
		F25BBFAB1B0C88E800BD2016 /* AppDelegate.m in Sources */ = {isa = PBXBuildFile; fileRef = F25BBFAA1B0C88E800BD2016 /* AppDelegate.m */; };
		F25BBFAE1B0C88E800BD2016 /* Naij.xcdatamodeld in Sources */ = {isa = PBXBuildFile; fileRef = F25BBFAC1B0C88E800BD2016 /* Naij.xcdatamodeld */; };
		F25BBFB11B0C88E800BD2016 /* ViewController.m in Sources */ = {isa = PBXBuildFile; fileRef = F25BBFB01B0C88E800BD2016 /* ViewController.m */; };
		F25BBFB41B0C88E800BD2016 /* Main.storyboard in Resources */ = {isa = PBXBuildFile; fileRef = F25BBFB21B0C88E800BD2016 /* Main.storyboard */; };
		F25BBFB61B0C88E800BD2016 /* Images.xcassets in Resources */ = {isa = PBXBuildFile; fileRef = F25BBFB51B0C88E800BD2016 /* Images.xcassets */; };
		F25BBFB91B0C88E800BD2016 /* LaunchScreen.xib in Resources */ = {isa = PBXBuildFile; fileRef = F25BBFB71B0C88E800BD2016 /* LaunchScreen.xib */; };
		F25BBFC51B0C88E800BD2016 /* NaijTests.m in Sources */ = {isa = PBXBuildFile; fileRef = F25BBFC41B0C88E800BD2016 /* NaijTests.m */; };
/* End PBXBuildFile section */

/* Begin PBXContainerItemProxy section */
		F25BBFBF1B0C88E800BD2016 /* PBXContainerItemProxy */ = {
			isa = PBXContainerItemProxy;
			containerPortal = F25BBF9A1B0C88E800BD2016 /* Project object */;
			proxyType = 1;
			remoteGlobalIDString = F25BBFA11B0C88E800BD2016;
			remoteInfo = Naij;
		};
/* End PBXContainerItemProxy section */

/* Begin PBXFileReference section */
		F25BBFA21B0C88E800BD2016 /* Naij.app */ = {isa = PBXFileReference; explicitFileType = wrapper.application; includeInIndex = 0; path = Naij.app; sourceTree = BUILT_PRODUCTS_DIR; };
		F25BBFA61B0C88E800BD2016 /* Info.plist */ = {isa = PBXFileReference; lastKnownFileType = text.plist.xml; path = Info.plist; sourceTree = "<group>"; };
		F25BBFA71B0C88E800BD2016 /* main.m */ = {isa = PBXFileReference; lastKnownFileType = sourcecode.c.objc; path = main.m; sourceTree = "<group>"; };
		F25BBFA91B0C88E800BD2016 /* AppDelegate.h */ = {isa = PBXFileReference; lastKnownFileType = sourcecode.c.h; path = AppDelegate.h; sourceTree = "<group>"; };
		F25BBFAA1B0C88E800BD2016 /* AppDelegate.m */ = {isa = PBXFileReference; lastKnownFileType = sourcecode.c.objc; path = AppDelegate.m; sourceTree = "<group>"; };
		F25BBFAD1B0C88E800BD2016 /* Naij.xcdatamodel */ = {isa = PBXFileReference; lastKnownFileType = wrapper.xcdatamodel; path = Naij.xcdatamodel; sourceTree = "<group>"; };
		F25BBFAF1B0C88E800BD2016 /* ViewController.h */ = {isa = PBXFileReference; lastKnownFileType = sourcecode.c.h; path = ViewController.h; sourceTree = "<group>"; };
		F25BBFB01B0C88E800BD2016 /* ViewController.m */ = {isa = PBXFileReference; lastKnownFileType = sourcecode.c.objc; path = ViewController.m; sourceTree = "<group>"; };
		F25BBFB31B0C88E800BD2016 /* Base */ = {isa = PBXFileReference; lastKnownFileType = file.storyboard; name = Base; path = Base.lproj/Main.storyboard; sourceTree = "<group>"; };
		F25BBFB51B0C88E800BD2016 /* Images.xcassets */ = {isa = PBXFileReference; lastKnownFileType = folder.assetcatalog; path = Images.xcassets; sourceTree = "<group>"; };
		F25BBFB81B0C88E800BD2016 /* Base */ = {isa = PBXFileReference; lastKnownFileType = file.xib; name = Base; path = Base.lproj/LaunchScreen.xib; sourceTree = "<group>"; };
		F25BBFBE1B0C88E800BD2016 /* NaijTests.xctest */ = {isa = PBXFileReference; explicitFileType = wrapper.cfbundle; includeInIndex = 0; path = NaijTests.xctest; sourceTree = BUILT_PRODUCTS_DIR; };
		F25BBFC31B0C88E800BD2016 /* Info.plist */ = {isa = PBXFileReference; lastKnownFileType = text.plist.xml; path = Info.plist; sourceTree = "<group>"; };
		F25BBFC41B0C88E800BD2016 /* NaijTests.m */ = {isa = PBXFileReference; lastKnownFileType = sourcecode.c.objc; path = NaijTests.m; sourceTree = "<group>"; };
/* End PBXFileReference section */

/* Begin PBXFrameworksBuildPhase section */
		F25BBF9F1B0C88E800BD2016 /* Frameworks */ = {
			isa = PBXFrameworksBuildPhase;
			buildActionMask = 2147483647;
			files = (
			);
			runOnlyForDeploymentPostprocessing = 0;
		};
		F25BBFBB1B0C88E800BD2016 /* Frameworks */ = {
			isa = PBXFrameworksBuildPhase;
			buildActionMask = 2147483647;
			files = (
			);
			runOnlyForDeploymentPostprocessing = 0;
		};
/* End PBXFrameworksBuildPhase section */

/* Begin PBXGroup section */
		F25BBF991B0C88E800BD2016 = {
			isa = PBXGroup;
			children = (
				F25BBFA41B0C88E800BD2016 /* Naij */,
				F25BBFC11B0C88E800BD2016 /* NaijTests */,
				F25BBFA31B0C88E800BD2016 /* Products */,
			);
			sourceTree = "<group>";
		};
		F25BBFA31B0C88E800BD2016 /* Products */ = {
			isa = PBXGroup;
			children = (
				F25BBFA21B0C88E800BD2016 /* Naij.app */,
				F25BBFBE1B0C88E800BD2016 /* NaijTests.xctest */,
			);
			name = Products;
			sourceTree = "<group>";
		};
		F25BBFA41B0C88E800BD2016 /* Naij */ = {
			isa = PBXGroup;
			children = (
				F25BBFA91B0C88E800BD2016 /* AppDelegate.h */,
				F25BBFAA1B0C88E800BD2016 /* AppDelegate.m */,
				F25BBFAF1B0C88E800BD2016 /* ViewController.h */,
				F25BBFB01B0C88E800BD2016 /* ViewController.m */,
				F25BBFB21B0C88E800BD2016 /* Main.storyboard */,
				F25BBFB51B0C88E800BD2016 /* Images.xcassets */,
				F25BBFB71B0C88E800BD2016 /* LaunchScreen.xib */,
				F25BBFAC1B0C88E800BD2016 /* Naij.xcdatamodeld */,
				F25BBFA51B0C88E800BD2016 /* Supporting Files */,
			);
			path = Naij;
			sourceTree = "<group>";
		};
		F25BBFA51B0C88E800BD2016 /* Supporting Files */ = {
			isa = PBXGroup;
			children = (
				F25BBFA61B0C88E800BD2016 /* Info.plist */,
				F25BBFA71B0C88E800BD2016 /* main.m */,
			);
			name = "Supporting Files";
			sourceTree = "<group>";
		};
		F25BBFC11B0C88E800BD2016 /* NaijTests */ = {
			isa = PBXGroup;
			children = (
				F25BBFC41B0C88E800BD2016 /* NaijTests.m */,
				F25BBFC21B0C88E800BD2016 /* Supporting Files */,
			);
			path = NaijTests;
			sourceTree = "<group>";
		};
		F25BBFC21B0C88E800BD2016 /* Supporting Files */ = {
			isa = PBXGroup;
			children = (
				F25BBFC31B0C88E800BD2016 /* Info.plist */,
			);
			name = "Supporting Files";
			sourceTree = "<group>";
		};
/* End PBXGroup section */

/* Begin PBXNativeTarget section */
		F25BBFA11B0C88E800BD2016 /* Naij */ = {
			isa = PBXNativeTarget;
			buildConfigurationList = F25BBFC81B0C88E800BD2016 /* Build configuration list for PBXNativeTarget "Naij" */;
			buildPhases = (
				F25BBF9E1B0C88E800BD2016 /* Sources */,
				F25BBF9F1B0C88E800BD2016 /* Frameworks */,
				F25BBFA01B0C88E800BD2016 /* Resources */,
			);
			buildRules = (
			);
			dependencies = (
			);
			name = Naij;
			productName = Naij;
			productReference = F25BBFA21B0C88E800BD2016 /* Naij.app */;
			productType = "com.apple.product-type.application";
		};
		F25BBFBD1B0C88E800BD2016 /* NaijTests */ = {
			isa = PBXNativeTarget;
			buildConfigurationList = F25BBFCB1B0C88E800BD2016 /* Build configuration list for PBXNativeTarget "NaijTests" */;
			buildPhases = (
				F25BBFBA1B0C88E800BD2016 /* Sources */,
				F25BBFBB1B0C88E800BD2016 /* Frameworks */,
				F25BBFBC1B0C88E800BD2016 /* Resources */,
			);
			buildRules = (
			);
			dependencies = (
				F25BBFC01B0C88E800BD2016 /* PBXTargetDependency */,
			);
			name = NaijTests;
			productName = NaijTests;
			productReference = F25BBFBE1B0C88E800BD2016 /* NaijTests.xctest */;
			productType = "com.apple.product-type.bundle.unit-test";
		};
/* End PBXNativeTarget section */

/* Begin PBXProject section */
		F25BBF9A1B0C88E800BD2016 /* Project object */ = {
			isa = PBXProject;
			attributes = {
				LastUpgradeCheck = 0630;
				ORGANIZATIONNAME = Genesis;
				TargetAttributes = {
					F25BBFA11B0C88E800BD2016 = {
						CreatedOnToolsVersion = 6.3.2;
					};
					F25BBFBD1B0C88E800BD2016 = {
						CreatedOnToolsVersion = 6.3.2;
						TestTargetID = F25BBFA11B0C88E800BD2016;
					};
				};
			};
			buildConfigurationList = F25BBF9D1B0C88E800BD2016 /* Build configuration list for PBXProject "Naij" */;
			compatibilityVersion = "Xcode 3.2";
			developmentRegion = English;
			hasScannedForEncodings = 0;
			knownRegions = (
				en,
				Base,
			);
			mainGroup = F25BBF991B0C88E800BD2016;
			productRefGroup = F25BBFA31B0C88E800BD2016 /* Products */;
			projectDirPath = "";
			projectRoot = "";
			targets = (
				F25BBFA11B0C88E800BD2016 /* Naij */,
				F25BBFBD1B0C88E800BD2016 /* NaijTests */,
			);
		};
/* End PBXProject section */

/* Begin PBXResourcesBuildPhase section */
		F25BBFA01B0C88E800BD2016 /* Resources */ = {
			isa = PBXResourcesBuildPhase;
			buildActionMask = 2147483647;
			files = (
				F25BBFB41B0C88E800BD2016 /* Main.storyboard in Resources */,
				F25BBFB91B0C88E800BD2016 /* LaunchScreen.xib in Resources */,
				F25BBFB61B0C88E800BD2016 /* Images.xcassets in Resources */,
			);
			runOnlyForDeploymentPostprocessing = 0;
		};
		F25BBFBC1B0C88E800BD2016 /* Resources */ = {
			isa = PBXResourcesBuildPhase;
			buildActionMask = 2147483647;
			files = (
			);
			runOnlyForDeploymentPostprocessing = 0;
		};
/* End PBXResourcesBuildPhase section */

/* Begin PBXSourcesBuildPhase section */
		F25BBF9E1B0C88E800BD2016 /* Sources */ = {
			isa = PBXSourcesBuildPhase;
			buildActionMask = 2147483647;
			files = (
				F25BBFAE1B0C88E800BD2016 /* Naij.xcdatamodeld in Sources */,
				F25BBFAB1B0C88E800BD2016 /* AppDelegate.m in Sources */,
				F25BBFB11B0C88E800BD2016 /* ViewController.m in Sources */,
				F25BBFA81B0C88E800BD2016 /* main.m in Sources */,
			);
			runOnlyForDeploymentPostprocessing = 0;
		};
		F25BBFBA1B0C88E800BD2016 /* Sources */ = {
			isa = PBXSourcesBuildPhase;
			buildActionMask = 2147483647;
			files = (
				F25BBFC51B0C88E800BD2016 /* NaijTests.m in Sources */,
			);
			runOnlyForDeploymentPostprocessing = 0;
		};
/* End PBXSourcesBuildPhase section */

/* Begin PBXTargetDependency section */
		F25BBFC01B0C88E800BD2016 /* PBXTargetDependency */ = {
			isa = PBXTargetDependency;
			target = F25BBFA11B0C88E800BD2016 /* Naij */;
			targetProxy = F25BBFBF1B0C88E800BD2016 /* PBXContainerItemProxy */;
		};
/* End PBXTargetDependency section */

/* Begin PBXVariantGroup section */
		F25BBFB21B0C88E800BD2016 /* Main.storyboard */ = {
			isa = PBXVariantGroup;
			children = (
				F25BBFB31B0C88E800BD2016 /* Base */,
			);
			name = Main.storyboard;
			sourceTree = "<group>";
		};
		F25BBFB71B0C88E800BD2016 /* LaunchScreen.xib */ = {
			isa = PBXVariantGroup;
			children = (
				F25BBFB81B0C88E800BD2016 /* Base */,
			);
			name = LaunchScreen.xib;
			sourceTree = "<group>";
		};
/* End PBXVariantGroup section */

/* Begin XCBuildConfiguration section */
		F25BBFC61B0C88E800BD2016 /* Debug */ = {
			isa = XCBuildConfiguration;
			buildSettings = {
				ALWAYS_SEARCH_USER_PATHS = NO;
				CLANG_CXX_LANGUAGE_STANDARD = "gnu++0x";
				CLANG_CXX_LIBRARY = "libc++";
				CLANG_ENABLE_MODULES = YES;
				CLANG_ENABLE_OBJC_ARC = YES;
				CLANG_WARN_BOOL_CONVERSION = YES;
				CLANG_WARN_CONSTANT_CONVERSION = YES;
				CLANG_WARN_DIRECT_OBJC_ISA_USAGE = YES_ERROR;
				CLANG_WARN_EMPTY_BODY = YES;
				CLANG_WARN_ENUM_CONVERSION = YES;
				CLANG_WARN_INT_CONVERSION = YES;
				CLANG_WARN_OBJC_ROOT_CLASS = YES_ERROR;
				CLANG_WARN_UNREACHABLE_CODE = YES;
				CLANG_WARN__DUPLICATE_METHOD_MATCH = YES;
				"CODE_SIGN_IDENTITY[sdk=iphoneos*]" = "iPhone Developer";
				COPY_PHASE_STRIP = NO;
				DEBUG_INFORMATION_FORMAT = "dwarf-with-dsym";
				ENABLE_STRICT_OBJC_MSGSEND = YES;
				GCC_C_LANGUAGE_STANDARD = gnu99;
				GCC_DYNAMIC_NO_PIC = NO;
				GCC_NO_COMMON_BLOCKS = YES;
				GCC_OPTIMIZATION_LEVEL = 0;
				GCC_PREPROCESSOR_DEFINITIONS = (
					"DEBUG=1",
					"$(inherited)",
				);
				GCC_SYMBOLS_PRIVATE_EXTERN = NO;
				GCC_WARN_64_TO_32_BIT_CONVERSION = YES;
				GCC_WARN_ABOUT_RETURN_TYPE = YES_ERROR;
				GCC_WARN_UNDECLARED_SELECTOR = YES;
				GCC_WARN_UNINITIALIZED_AUTOS = YES_AGGRESSIVE;
				GCC_WARN_UNUSED_FUNCTION = YES;
				GCC_WARN_UNUSED_VARIABLE = YES;
				IPHONEOS_DEPLOYMENT_TARGET = 8.3;
				MTL_ENABLE_DEBUG_INFO = YES;
				ONLY_ACTIVE_ARCH = YES;
				SDKROOT = iphoneos;
				TARGETED_DEVICE_FAMILY = "1,2";
			};
			name = Debug;
		};
		F25BBFC71B0C88E800BD2016 /* Release */ = {
			isa = XCBuildConfiguration;
			buildSettings = {
				ALWAYS_SEARCH_USER_PATHS = NO;
				CLANG_CXX_LANGUAGE_STANDARD = "gnu++0x";
				CLANG_CXX_LIBRARY = "libc++";
				CLANG_ENABLE_MODULES = YES;
				CLANG_ENABLE_OBJC_ARC = YES;
				CLANG_WARN_BOOL_CONVERSION = YES;
				CLANG_WARN_CONSTANT_CONVERSION = YES;
				CLANG_WARN_DIRECT_OBJC_ISA_USAGE = YES_ERROR;
				CLANG_WARN_EMPTY_BODY = YES;
				CLANG_WARN_ENUM_CONVERSION = YES;
				CLANG_WARN_INT_CONVERSION = YES;
				CLANG_WARN_OBJC_ROOT_CLASS = YES_ERROR;
				CLANG_WARN_UNREACHABLE_CODE = YES;
				CLANG_WARN__DUPLICATE_METHOD_MATCH = YES;
				"CODE_SIGN_IDENTITY[sdk=iphoneos*]" = "iPhone Developer";
				COPY_PHASE_STRIP = NO;
				DEBUG_INFORMATION_FORMAT = "dwarf-with-dsym";
				ENABLE_NS_ASSERTIONS = NO;
				ENABLE_STRICT_OBJC_MSGSEND = YES;
				GCC_C_LANGUAGE_STANDARD = gnu99;
				GCC_NO_COMMON_BLOCKS = YES;
				GCC_WARN_64_TO_32_BIT_CONVERSION = YES;
				GCC_WARN_ABOUT_RETURN_TYPE = YES_ERROR;
				GCC_WARN_UNDECLARED_SELECTOR = YES;
				GCC_WARN_UNINITIALIZED_AUTOS = YES_AGGRESSIVE;
				GCC_WARN_UNUSED_FUNCTION = YES;
				GCC_WARN_UNUSED_VARIABLE = YES;
				IPHONEOS_DEPLOYMENT_TARGET = 8.3;
				MTL_ENABLE_DEBUG_INFO = NO;
				SDKROOT = iphoneos;
				TARGETED_DEVICE_FAMILY = "1,2";
				VALIDATE_PRODUCT = YES;
			};
			name = Release;
		};
		F25BBFC91B0C88E800BD2016 /* Debug */ = {
			isa = XCBuildConfiguration;
			buildSettings = {
				ASSETCATALOG_COMPILER_APPICON_NAME = AppIcon;
				INFOPLIST_FILE = Naij/Info.plist;
				LD_RUNPATH_SEARCH_PATHS = "$(inherited) @executable_path/Frameworks";
				PRODUCT_NAME = "$(TARGET_NAME)";
			};
			name = Debug;
		};
		F25BBFCA1B0C88E800BD2016 /* Release */ = {
			isa = XCBuildConfiguration;
			buildSettings = {
				ASSETCATALOG_COMPILER_APPICON_NAME = AppIcon;
				INFOPLIST_FILE = Naij/Info.plist;
				LD_RUNPATH_SEARCH_PATHS = "$(inherited) @executable_path/Frameworks";
				PRODUCT_NAME = "$(TARGET_NAME)";
			};
			name = Release;
		};
		F25BBFCC1B0C88E800BD2016 /* Debug */ = {
			isa = XCBuildConfiguration;
			buildSettings = {
				BUNDLE_LOADER = "$(TEST_HOST)";
				FRAMEWORK_SEARCH_PATHS = (
					"$(SDKROOT)/Developer/Library/Frameworks",
					"$(inherited)",
				);
				GCC_PREPROCESSOR_DEFINITIONS = (
					"DEBUG=1",
					"$(inherited)",
				);
				INFOPLIST_FILE = NaijTests/Info.plist;
				LD_RUNPATH_SEARCH_PATHS = "$(inherited) @executable_path/Frameworks @loader_path/Frameworks";
				PRODUCT_NAME = "$(TARGET_NAME)";
				TEST_HOST = "$(BUILT_PRODUCTS_DIR)/Naij.app/Naij";
			};
			name = Debug;
		};
		F25BBFCD1B0C88E800BD2016 /* Release */ = {
			isa = XCBuildConfiguration;
			buildSettings = {
				BUNDLE_LOADER = "$(TEST_HOST)";
				FRAMEWORK_SEARCH_PATHS = (
					"$(SDKROOT)/Developer/Library/Frameworks",
					"$(inherited)",
				);
				INFOPLIST_FILE = NaijTests/Info.plist;
				LD_RUNPATH_SEARCH_PATHS = "$(inherited) @executable_path/Frameworks @loader_path/Frameworks";
				PRODUCT_NAME = "$(TARGET_NAME)";
				TEST_HOST = "$(BUILT_PRODUCTS_DIR)/Naij.app/Naij";
			};
			name = Release;
		};
/* End XCBuildConfiguration section */

/* Begin XCConfigurationList section */
		F25BBF9D1B0C88E800BD2016 /* Build configuration list for PBXProject "Naij" */ = {
			isa = XCConfigurationList;
			buildConfigurations = (
				F25BBFC61B0C88E800BD2016 /* Debug */,
				F25BBFC71B0C88E800BD2016 /* Release */,
			);
			defaultConfigurationIsVisible = 0;
			defaultConfigurationName = Release;
		};
		F25BBFC81B0C88E800BD2016 /* Build configuration list for PBXNativeTarget "Naij" */ = {
			isa = XCConfigurationList;
			buildConfigurations = (
				F25BBFC91B0C88E800BD2016 /* Debug */,
				F25BBFCA1B0C88E800BD2016 /* Release */,
			);
			defaultConfigurationIsVisible = 0;
		};
		F25BBFCB1B0C88E800BD2016 /* Build configuration list for PBXNativeTarget "NaijTests" */ = {
			isa = XCConfigurationList;
			buildConfigurations = (
				F25BBFCC1B0C88E800BD2016 /* Debug */,
				F25BBFCD1B0C88E800BD2016 /* Release */,
			);
			defaultConfigurationIsVisible = 0;
		};
/* End XCConfigurationList section */

/* Begin XCVersionGroup section */
		F25BBFAC1B0C88E800BD2016 /* Naij.xcdatamodeld */ = {
			isa = XCVersionGroup;
			children = (
				F25BBFAD1B0C88E800BD2016 /* Naij.xcdatamodel */,
			);
			currentVersion = F25BBFAD1B0C88E800BD2016 /* Naij.xcdatamodel */;
			path = Naij.xcdatamodeld;
			sourceTree = "<group>";
			versionGroupType = wrapper.xcdatamodel;
		};
/* End XCVersionGroup section */
	};
	rootObject = F25BBF9A1B0C88E800BD2016 /* Project object */;
}
